// !$*UTF8*$!
{
	archiveVersion = 1;
	classes = {
	};
	objectVersion = 50;
	objects = {

/* Begin PBXBuildFile section */
		EA8E466326778F9400A8423B /* AppDelegate.swift in Sources */ = {isa = PBXBuildFile; fileRef = EA8E466226778F9400A8423B /* AppDelegate.swift */; };
		EA8E466526778F9400A8423B /* SceneDelegate.swift in Sources */ = {isa = PBXBuildFile; fileRef = EA8E466426778F9400A8423B /* SceneDelegate.swift */; };
		EA8E466726778F9400A8423B /* ViewController.swift in Sources */ = {isa = PBXBuildFile; fileRef = EA8E466626778F9400A8423B /* ViewController.swift */; };
		EA8E466A26778F9400A8423B /* Main.storyboard in Resources */ = {isa = PBXBuildFile; fileRef = EA8E466826778F9400A8423B /* Main.storyboard */; };
		EA8E466C26778F9500A8423B /* Assets.xcassets in Resources */ = {isa = PBXBuildFile; fileRef = EA8E466B26778F9500A8423B /* Assets.xcassets */; };
		EA8E466F26778F9500A8423B /* LaunchScreen.storyboard in Resources */ = {isa = PBXBuildFile; fileRef = EA8E466D26778F9500A8423B /* LaunchScreen.storyboard */; };
		EE7A74A111EC471AA210498F /* Pods_NetworkingTestingTutorial.framework in Frameworks */ = {isa = PBXBuildFile; fileRef = 30077B1D58897418EA993F6B /* Pods_NetworkingTestingTutorial.framework */; };
/* End PBXBuildFile section */

/* Begin PBXFileReference section */
		30077B1D58897418EA993F6B /* Pods_NetworkingTestingTutorial.framework */ = {isa = PBXFileReference; explicitFileType = wrapper.framework; includeInIndex = 0; path = Pods_NetworkingTestingTutorial.framework; sourceTree = BUILT_PRODUCTS_DIR; };
		679B476E36A86AFC49E83E39 /* Pods-NetworkingTestingTutorial.debug.xcconfig */ = {isa = PBXFileReference; includeInIndex = 1; lastKnownFileType = text.xcconfig; name = "Pods-NetworkingTestingTutorial.debug.xcconfig"; path = "Target Support Files/Pods-NetworkingTestingTutorial/Pods-NetworkingTestingTutorial.debug.xcconfig"; sourceTree = "<group>"; };
		B15CA11A21CC70D821260D64 /* Pods-NetworkingTestingTutorial.release.xcconfig */ = {isa = PBXFileReference; includeInIndex = 1; lastKnownFileType = text.xcconfig; name = "Pods-NetworkingTestingTutorial.release.xcconfig"; path = "Target Support Files/Pods-NetworkingTestingTutorial/Pods-NetworkingTestingTutorial.release.xcconfig"; sourceTree = "<group>"; };
		EA8E465F26778F9400A8423B /* NetworkingTestingTutorial.app */ = {isa = PBXFileReference; explicitFileType = wrapper.application; includeInIndex = 0; path = NetworkingTestingTutorial.app; sourceTree = BUILT_PRODUCTS_DIR; };
		EA8E466226778F9400A8423B /* AppDelegate.swift */ = {isa = PBXFileReference; lastKnownFileType = sourcecode.swift; path = AppDelegate.swift; sourceTree = "<group>"; };
		EA8E466426778F9400A8423B /* SceneDelegate.swift */ = {isa = PBXFileReference; lastKnownFileType = sourcecode.swift; path = SceneDelegate.swift; sourceTree = "<group>"; };
		EA8E466626778F9400A8423B /* ViewController.swift */ = {isa = PBXFileReference; lastKnownFileType = sourcecode.swift; path = ViewController.swift; sourceTree = "<group>"; };
		EA8E466926778F9400A8423B /* Base */ = {isa = PBXFileReference; lastKnownFileType = file.storyboard; name = Base; path = Base.lproj/Main.storyboard; sourceTree = "<group>"; };
		EA8E466B26778F9500A8423B /* Assets.xcassets */ = {isa = PBXFileReference; lastKnownFileType = folder.assetcatalog; path = Assets.xcassets; sourceTree = "<group>"; };
		EA8E466E26778F9500A8423B /* Base */ = {isa = PBXFileReference; lastKnownFileType = file.storyboard; name = Base; path = Base.lproj/LaunchScreen.storyboard; sourceTree = "<group>"; };
		EA8E467026778F9500A8423B /* Info.plist */ = {isa = PBXFileReference; lastKnownFileType = text.plist.xml; path = Info.plist; sourceTree = "<group>"; };
/* End PBXFileReference section */

/* Begin PBXFrameworksBuildPhase section */
		EA8E465C26778F9400A8423B /* Frameworks */ = {
			isa = PBXFrameworksBuildPhase;
			buildActionMask = 2147483647;
			files = (
				EE7A74A111EC471AA210498F /* Pods_NetworkingTestingTutorial.framework in Frameworks */,
			);
			runOnlyForDeploymentPostprocessing = 0;
		};
/* End PBXFrameworksBuildPhase section */

/* Begin PBXGroup section */
		0AA8702C6351DBCE86FAEAE5 /* Frameworks */ = {
			isa = PBXGroup;
			children = (
				30077B1D58897418EA993F6B /* Pods_NetworkingTestingTutorial.framework */,
			);
			name = Frameworks;
			sourceTree = "<group>";
		};
		7700F1210E1584AFA7A4FB11 /* Pods */ = {
			isa = PBXGroup;
			children = (
				679B476E36A86AFC49E83E39 /* Pods-NetworkingTestingTutorial.debug.xcconfig */,
				B15CA11A21CC70D821260D64 /* Pods-NetworkingTestingTutorial.release.xcconfig */,
			);
			name = Pods;
			path = Pods;
			sourceTree = "<group>";
		};
		EA8E465626778F9400A8423B = {
			isa = PBXGroup;
			children = (
				EA8E466126778F9400A8423B /* NetworkingTestingTutorial */,
				EA8E466026778F9400A8423B /* Products */,
				7700F1210E1584AFA7A4FB11 /* Pods */,
				0AA8702C6351DBCE86FAEAE5 /* Frameworks */,
			);
			sourceTree = "<group>";
		};
		EA8E466026778F9400A8423B /* Products */ = {
			isa = PBXGroup;
			children = (
				EA8E465F26778F9400A8423B /* NetworkingTestingTutorial.app */,
			);
			name = Products;
			sourceTree = "<group>";
		};
		EA8E466126778F9400A8423B /* NetworkingTestingTutorial */ = {
			isa = PBXGroup;
			children = (
				EA8E466226778F9400A8423B /* AppDelegate.swift */,
				EA8E466426778F9400A8423B /* SceneDelegate.swift */,
				EA8E466626778F9400A8423B /* ViewController.swift */,
				EA8E466826778F9400A8423B /* Main.storyboard */,
				EA8E466B26778F9500A8423B /* Assets.xcassets */,
				EA8E466D26778F9500A8423B /* LaunchScreen.storyboard */,
				EA8E467026778F9500A8423B /* Info.plist */,
			);
			path = NetworkingTestingTutorial;
			sourceTree = "<group>";
		};
/* End PBXGroup section */

/* Begin PBXNativeTarget section */
		EA8E465E26778F9400A8423B /* NetworkingTestingTutorial */ = {
			isa = PBXNativeTarget;
			buildConfigurationList = EA8E467326778F9500A8423B /* Build configuration list for PBXNativeTarget "NetworkingTestingTutorial" */;
			buildPhases = (
				4CE557219A180706E3755AB8 /* [CP] Check Pods Manifest.lock */,
				EA8E465B26778F9400A8423B /* Sources */,
				EA8E465C26778F9400A8423B /* Frameworks */,
				EA8E465D26778F9400A8423B /* Resources */,
				ACD531DF4A29DD670547D6BB /* [CP] Embed Pods Frameworks */,
			);
			buildRules = (
			);
			dependencies = (
			);
			name = NetworkingTestingTutorial;
			productName = NetworkingTestingTutorial;
			productReference = EA8E465F26778F9400A8423B /* NetworkingTestingTutorial.app */;
			productType = "com.apple.product-type.application";
		};
/* End PBXNativeTarget section */

/* Begin PBXProject section */
		EA8E465726778F9400A8423B /* Project object */ = {
			isa = PBXProject;
			attributes = {
				LastSwiftUpdateCheck = 1250;
				LastUpgradeCheck = 1250;
				TargetAttributes = {
					EA8E465E26778F9400A8423B = {
						CreatedOnToolsVersion = 12.5;
					};
				};
			};
			buildConfigurationList = EA8E465A26778F9400A8423B /* Build configuration list for PBXProject "NetworkingTestingTutorial" */;
			compatibilityVersion = "Xcode 9.3";
			developmentRegion = en;
			hasScannedForEncodings = 0;
			knownRegions = (
				en,
				Base,
			);
			mainGroup = EA8E465626778F9400A8423B;
			productRefGroup = EA8E466026778F9400A8423B /* Products */;
			projectDirPath = "";
			projectRoot = "";
			targets = (
				EA8E465E26778F9400A8423B /* NetworkingTestingTutorial */,
			);
		};
/* End PBXProject section */

/* Begin PBXResourcesBuildPhase section */
		EA8E465D26778F9400A8423B /* Resources */ = {
			isa = PBXResourcesBuildPhase;
			buildActionMask = 2147483647;
			files = (
				EA8E466F26778F9500A8423B /* LaunchScreen.storyboard in Resources */,
				EA8E466C26778F9500A8423B /* Assets.xcassets in Resources */,
				EA8E466A26778F9400A8423B /* Main.storyboard in Resources */,
			);
			runOnlyForDeploymentPostprocessing = 0;
		};
/* End PBXResourcesBuildPhase section */

/* Begin PBXShellScriptBuildPhase section */
		4CE557219A180706E3755AB8 /* [CP] Check Pods Manifest.lock */ = {
			isa = PBXShellScriptBuildPhase;
			buildActionMask = 2147483647;
			files = (
			);
			inputFileListPaths = (
			);
			inputPaths = (
				"${PODS_PODFILE_DIR_PATH}/Podfile.lock",
				"${PODS_ROOT}/Manifest.lock",
			);
			name = "[CP] Check Pods Manifest.lock";
			outputFileListPaths = (
			);
			outputPaths = (
				"$(DERIVED_FILE_DIR)/Pods-NetworkingTestingTutorial-checkManifestLockResult.txt",
			);
			runOnlyForDeploymentPostprocessing = 0;
			shellPath = /bin/sh;
			shellScript = "diff \"${PODS_PODFILE_DIR_PATH}/Podfile.lock\" \"${PODS_ROOT}/Manifest.lock\" > /dev/null\nif [ $? != 0 ] ; then\n    # print error to STDERR\n    echo \"error: The sandbox is not in sync with the Podfile.lock. Run 'pod install' or update your CocoaPods installation.\" >&2\n    exit 1\nfi\n# This output is used by Xcode 'outputs' to avoid re-running this script phase.\necho \"SUCCESS\" > \"${SCRIPT_OUTPUT_FILE_0}\"\n";
			showEnvVarsInLog = 0;
		};
		ACD531DF4A29DD670547D6BB /* [CP] Embed Pods Frameworks */ = {
			isa = PBXShellScriptBuildPhase;
			buildActionMask = 2147483647;
			files = (
			);
			inputFileListPaths = (
				"${PODS_ROOT}/Target Support Files/Pods-NetworkingTestingTutorial/Pods-NetworkingTestingTutorial-frameworks-${CONFIGURATION}-input-files.xcfilelist",
			);
			name = "[CP] Embed Pods Frameworks";
			outputFileListPaths = (
				"${PODS_ROOT}/Target Support Files/Pods-NetworkingTestingTutorial/Pods-NetworkingTestingTutorial-frameworks-${CONFIGURATION}-output-files.xcfilelist",
			);
			runOnlyForDeploymentPostprocessing = 0;
			shellPath = /bin/sh;
			shellScript = "\"${PODS_ROOT}/Target Support Files/Pods-NetworkingTestingTutorial/Pods-NetworkingTestingTutorial-frameworks.sh\"\n";
			showEnvVarsInLog = 0;
		};
/* End PBXShellScriptBuildPhase section */

/* Begin PBXSourcesBuildPhase section */
		EA8E465B26778F9400A8423B /* Sources */ = {
			isa = PBXSourcesBuildPhase;
			buildActionMask = 2147483647;
			files = (
				EA8E466726778F9400A8423B /* ViewController.swift in Sources */,
				EA8E466326778F9400A8423B /* AppDelegate.swift in Sources */,
				EA8E466526778F9400A8423B /* SceneDelegate.swift in Sources */,
			);
			runOnlyForDeploymentPostprocessing = 0;
		};
/* End PBXSourcesBuildPhase section */

/* Begin PBXVariantGroup section */
		EA8E466826778F9400A8423B /* Main.storyboard */ = {
			isa = PBXVariantGroup;
			children = (
				EA8E466926778F9400A8423B /* Base */,
			);
			name = Main.storyboard;
			sourceTree = "<group>";
		};
		EA8E466D26778F9500A8423B /* LaunchScreen.storyboard */ = {
			isa = PBXVariantGroup;
			children = (
				EA8E466E26778F9500A8423B /* Base */,
			);
			name = LaunchScreen.storyboard;
			sourceTree = "<group>";
		};
/* End PBXVariantGroup section */

/* Begin XCBuildConfiguration section */
		EA8E467126778F9500A8423B /* Debug */ = {
			isa = XCBuildConfiguration;
			buildSettings = {
				ALWAYS_SEARCH_USER_PATHS = NO;
				CLANG_ANALYZER_NONNULL = YES;
				CLANG_ANALYZER_NUMBER_OBJECT_CONVERSION = YES_AGGRESSIVE;
				CLANG_CXX_LANGUAGE_STANDARD = "gnu++14";
				CLANG_CXX_LIBRARY = "libc++";
				CLANG_ENABLE_MODULES = YES;
				CLANG_ENABLE_OBJC_ARC = YES;
				CLANG_ENABLE_OBJC_WEAK = YES;
				CLANG_WARN_BLOCK_CAPTURE_AUTORELEASING = YES;
				CLANG_WARN_BOOL_CONVERSION = YES;
				CLANG_WARN_COMMA = YES;
				CLANG_WARN_CONSTANT_CONVERSION = YES;
				CLANG_WARN_DEPRECATED_OBJC_IMPLEMENTATIONS = YES;
				CLANG_WARN_DIRECT_OBJC_ISA_USAGE = YES_ERROR;
				CLANG_WARN_DOCUMENTATION_COMMENTS = YES;
				CLANG_WARN_EMPTY_BODY = YES;
				CLANG_WARN_ENUM_CONVERSION = YES;
				CLANG_WARN_INFINITE_RECURSION = YES;
				CLANG_WARN_INT_CONVERSION = YES;
				CLANG_WARN_NON_LITERAL_NULL_CONVERSION = YES;
				CLANG_WARN_OBJC_IMPLICIT_RETAIN_SELF = YES;
				CLANG_WARN_OBJC_LITERAL_CONVERSION = YES;
				CLANG_WARN_OBJC_ROOT_CLASS = YES_ERROR;
				CLANG_WARN_QUOTED_INCLUDE_IN_FRAMEWORK_HEADER = YES;
				CLANG_WARN_RANGE_LOOP_ANALYSIS = YES;
				CLANG_WARN_STRICT_PROTOTYPES = YES;
				CLANG_WARN_SUSPICIOUS_MOVE = YES;
				CLANG_WARN_UNGUARDED_AVAILABILITY = YES_AGGRESSIVE;
				CLANG_WARN_UNREACHABLE_CODE = YES;
				CLANG_WARN__DUPLICATE_METHOD_MATCH = YES;
				COPY_PHASE_STRIP = NO;
				DEBUG_INFORMATION_FORMAT = dwarf;
				ENABLE_STRICT_OBJC_MSGSEND = YES;
				ENABLE_TESTABILITY = YES;
				GCC_C_LANGUAGE_STANDARD = gnu11;
				GCC_DYNAMIC_NO_PIC = NO;
				GCC_NO_COMMON_BLOCKS = YES;
				GCC_OPTIMIZATION_LEVEL = 0;
				GCC_PREPROCESSOR_DEFINITIONS = (
					"DEBUG=1",
					"$(inherited)",
				);
				GCC_WARN_64_TO_32_BIT_CONVERSION = YES;
				GCC_WARN_ABOUT_RETURN_TYPE = YES_ERROR;
				GCC_WARN_UNDECLARED_SELECTOR = YES;
				GCC_WARN_UNINITIALIZED_AUTOS = YES_AGGRESSIVE;
				GCC_WARN_UNUSED_FUNCTION = YES;
				GCC_WARN_UNUSED_VARIABLE = YES;
				IPHONEOS_DEPLOYMENT_TARGET = 14.5;
				MTL_ENABLE_DEBUG_INFO = INCLUDE_SOURCE;
				MTL_FAST_MATH = YES;
				ONLY_ACTIVE_ARCH = YES;
				SDKROOT = iphoneos;
				SWIFT_ACTIVE_COMPILATION_CONDITIONS = DEBUG;
				SWIFT_OPTIMIZATION_LEVEL = "-Onone";
			};
			name = Debug;
		};
		EA8E467226778F9500A8423B /* Release */ = {
			isa = XCBuildConfiguration;
			buildSettings = {
				ALWAYS_SEARCH_USER_PATHS = NO;
				CLANG_ANALYZER_NONNULL = YES;
				CLANG_ANALYZER_NUMBER_OBJECT_CONVERSION = YES_AGGRESSIVE;
				CLANG_CXX_LANGUAGE_STANDARD = "gnu++14";
				CLANG_CXX_LIBRARY = "libc++";
				CLANG_ENABLE_MODULES = YES;
				CLANG_ENABLE_OBJC_ARC = YES;
				CLANG_ENABLE_OBJC_WEAK = YES;
				CLANG_WARN_BLOCK_CAPTURE_AUTORELEASING = YES;
				CLANG_WARN_BOOL_CONVERSION = YES;
				CLANG_WARN_COMMA = YES;
				CLANG_WARN_CONSTANT_CONVERSION = YES;
				CLANG_WARN_DEPRECATED_OBJC_IMPLEMENTATIONS = YES;
				CLANG_WARN_DIRECT_OBJC_ISA_USAGE = YES_ERROR;
				CLANG_WARN_DOCUMENTATION_COMMENTS = YES;
				CLANG_WARN_EMPTY_BODY = YES;
				CLANG_WARN_ENUM_CONVERSION = YES;
				CLANG_WARN_INFINITE_RECURSION = YES;
				CLANG_WARN_INT_CONVERSION = YES;
				CLANG_WARN_NON_LITERAL_NULL_CONVERSION = YES;
				CLANG_WARN_OBJC_IMPLICIT_RETAIN_SELF = YES;
				CLANG_WARN_OBJC_LITERAL_CONVERSION = YES;
				CLANG_WARN_OBJC_ROOT_CLASS = YES_ERROR;
				CLANG_WARN_QUOTED_INCLUDE_IN_FRAMEWORK_HEADER = YES;
				CLANG_WARN_RANGE_LOOP_ANALYSIS = YES;
				CLANG_WARN_STRICT_PROTOTYPES = YES;
				CLANG_WARN_SUSPICIOUS_MOVE = YES;
				CLANG_WARN_UNGUARDED_AVAILABILITY = YES_AGGRESSIVE;
				CLANG_WARN_UNREACHABLE_CODE = YES;
				CLANG_WARN__DUPLICATE_METHOD_MATCH = YES;
				COPY_PHASE_STRIP = NO;
				DEBUG_INFORMATION_FORMAT = "dwarf-with-dsym";
				ENABLE_NS_ASSERTIONS = NO;
				ENABLE_STRICT_OBJC_MSGSEND = YES;
				GCC_C_LANGUAGE_STANDARD = gnu11;
				GCC_NO_COMMON_BLOCKS = YES;
				GCC_WARN_64_TO_32_BIT_CONVERSION = YES;
				GCC_WARN_ABOUT_RETURN_TYPE = YES_ERROR;
				GCC_WARN_UNDECLARED_SELECTOR = YES;
				GCC_WARN_UNINITIALIZED_AUTOS = YES_AGGRESSIVE;
				GCC_WARN_UNUSED_FUNCTION = YES;
				GCC_WARN_UNUSED_VARIABLE = YES;
				IPHONEOS_DEPLOYMENT_TARGET = 14.5;
				MTL_ENABLE_DEBUG_INFO = NO;
				MTL_FAST_MATH = YES;
				SDKROOT = iphoneos;
				SWIFT_COMPILATION_MODE = wholemodule;
				SWIFT_OPTIMIZATION_LEVEL = "-O";
				VALIDATE_PRODUCT = YES;
			};
			name = Release;
		};
		EA8E467426778F9500A8423B /* Debug */ = {
			isa = XCBuildConfiguration;
			baseConfigurationReference = 679B476E36A86AFC49E83E39 /* Pods-NetworkingTestingTutorial.debug.xcconfig */;
			buildSettings = {
				ASSETCATALOG_COMPILER_APPICON_NAME = AppIcon;
				ASSETCATALOG_COMPILER_GLOBAL_ACCENT_COLOR_NAME = AccentColor;
				CODE_SIGN_STYLE = Automatic;
				DEVELOPMENT_TEAM = 8RLH6CULJ3;
				INFOPLIST_FILE = NetworkingTestingTutorial/Info.plist;
				LD_RUNPATH_SEARCH_PATHS = (
					"$(inherited)",
					"@executable_path/Frameworks",
				);
				PRODUCT_BUNDLE_IDENTIFIER = LNJ.NetworkingTestingTutorial;
				PRODUCT_NAME = "$(TARGET_NAME)";
				SWIFT_VERSION = 5.0;
				TARGETED_DEVICE_FAMILY = "1,2";
			};
			name = Debug;
		};
		EA8E467526778F9500A8423B /* Release */ = {
			isa = XCBuildConfiguration;
			baseConfigurationReference = B15CA11A21CC70D821260D64 /* Pods-NetworkingTestingTutorial.release.xcconfig */;
			buildSettings = {
				ASSETCATALOG_COMPILER_APPICON_NAME = AppIcon;
				ASSETCATALOG_COMPILER_GLOBAL_ACCENT_COLOR_NAME = AccentColor;
				CODE_SIGN_STYLE = Automatic;
				DEVELOPMENT_TEAM = 8RLH6CULJ3;
				INFOPLIST_FILE = NetworkingTestingTutorial/Info.plist;
				LD_RUNPATH_SEARCH_PATHS = (
					"$(inherited)",
					"@executable_path/Frameworks",
				);
				PRODUCT_BUNDLE_IDENTIFIER = LNJ.NetworkingTestingTutorial;
				PRODUCT_NAME = "$(TARGET_NAME)";
				SWIFT_VERSION = 5.0;
				TARGETED_DEVICE_FAMILY = "1,2";
			};
			name = Release;
		};
/* End XCBuildConfiguration section */

/* Begin XCConfigurationList section */
		EA8E465A26778F9400A8423B /* Build configuration list for PBXProject "NetworkingTestingTutorial" */ = {
			isa = XCConfigurationList;
			buildConfigurations = (
				EA8E467126778F9500A8423B /* Debug */,
				EA8E467226778F9500A8423B /* Release */,
			);
			defaultConfigurationIsVisible = 0;
			defaultConfigurationName = Release;
		};
		EA8E467326778F9500A8423B /* Build configuration list for PBXNativeTarget "NetworkingTestingTutorial" */ = {
			isa = XCConfigurationList;
			buildConfigurations = (
				EA8E467426778F9500A8423B /* Debug */,
				EA8E467526778F9500A8423B /* Release */,
			);
			defaultConfigurationIsVisible = 0;
			defaultConfigurationName = Release;
		};
/* End XCConfigurationList section */
	};
	rootObject = EA8E465726778F9400A8423B /* Project object */;
}
